
Microsoft Visual Studio Solution File, Format Version 12.00
# Visual Studio Version 17
VisualStudioVersion = 17.7.34003.232
MinimumVisualStudioVersion = 10.0.40219.1
Project("{FAE04EC0-301F-11D3-BF4B-00C04F79EFBC}") = "TelegramClient", "TelegramClient\TelegramClient.csproj", "{33D66DC5-721E-4547-8548-F27AD8202AD3}"
EndProject
Project("{FAE04EC0-301F-11D3-BF4B-00C04F79EFBC}") = "Music-vk-Client-Api", "Music-vk-Client-Api\Music-vk-Client-Api.csproj", "{A3880908-1AC1-4AB6-8C20-A0C8EFF4EBAF}"
EndProject
Global
	GlobalSection(SolutionConfigurationPlatforms) = preSolution
		Debug|Any CPU = Debug|Any CPU
		Release|Any CPU = Release|Any CPU
	EndGlobalSection
	GlobalSection(ProjectConfigurationPlatforms) = postSolution
		{33D66DC5-721E-4547-8548-F27AD8202AD3}.Debug|Any CPU.ActiveCfg = Debug|Any CPU
		{33D66DC5-721E-4547-8548-F27AD8202AD3}.Debug|Any CPU.Build.0 = Debug|Any CPU
		{33D66DC5-721E-4547-8548-F27AD8202AD3}.Release|Any CPU.ActiveCfg = Release|Any CPU
		{33D66DC5-721E-4547-8548-F27AD8202AD3}.Release|Any CPU.Build.0 = Release|Any CPU
		{A3880908-1AC1-4AB6-8C20-A0C8EFF4EBAF}.Debug|Any CPU.ActiveCfg = Debug|Any CPU
		{A3880908-1AC1-4AB6-8C20-A0C8EFF4EBAF}.Debug|Any CPU.Build.0 = Debug|Any CPU
		{A3880908-1AC1-4AB6-8C20-A0C8EFF4EBAF}.Release|Any CPU.ActiveCfg = Release|Any CPU
		{A3880908-1AC1-4AB6-8C20-A0C8EFF4EBAF}.Release|Any CPU.Build.0 = Release|Any CPU
	EndGlobalSection
	GlobalSection(SolutionProperties) = preSolution
		HideSolutionNode = FALSE
	EndGlobalSection
	GlobalSection(ExtensibilityGlobals) = postSolution
		SolutionGuid = {2FAF4AD8-2681-40A5-B14C-1D96DB7AF756}
	EndGlobalSection
EndGlobal
