
Microsoft Visual Studio Solution File, Format Version 12.00
# Visual Studio Version 17
VisualStudioVersion = 17.6.33829.357
MinimumVisualStudioVersion = 10.0.40219.1
Project("{2150E333-8FDC-42A3-9474-1A3956D46DE8}") = "Myaudio.services", "Myaudio.services", "{4142896E-EBA4-43A5-B45F-4E034F0F24C7}"
EndProject
Project("{2150E333-8FDC-42A3-9474-1A3956D46DE8}") = "UserService", "UserService", "{CCE86736-924C-4203-8F83-611BAFBF8206}"
EndProject
Project("{2150E333-8FDC-42A3-9474-1A3956D46DE8}") = "WebApiService", "WebApiService", "{0953D809-0A2A-4141-9D6B-E33084AC0658}"
EndProject
Project("{9A19103F-16F7-4668-BE54-9A1E7A4F7556}") = "Myaudio.Application", "Myaudio.Application\Myaudio.Application.csproj", "{8EAFAFFB-ECFF-41AE-AA17-63B654AAD6D6}"
EndProject
Project("{9A19103F-16F7-4668-BE54-9A1E7A4F7556}") = "Myaudio.Domain", "Myaudio.Domain\Myaudio.Domain.csproj", "{7C892636-5219-4A6E-B172-7D86F82272C3}"
EndProject
Project("{2150E333-8FDC-42A3-9474-1A3956D46DE8}") = "PersistanceService", "PersistanceService", "{2BA29737-0A0F-430A-A96A-353241E486D1}"
EndProject
Project("{9A19103F-16F7-4668-BE54-9A1E7A4F7556}") = "Persistance.Base", "Persistance.Base\Persistance.Base.csproj", "{9DFFC5ED-3605-4FFC-8769-2711999F459C}"
EndProject
Project("{9A19103F-16F7-4668-BE54-9A1E7A4F7556}") = "WebApi", "WebApi\WebApi.csproj", "{209D423C-9C87-40DD-ACFC-C57031803CFF}"
EndProject
Project("{9A19103F-16F7-4668-BE54-9A1E7A4F7556}") = "UserService.Application", "UserService.Application\UserService.Application.csproj", "{F0FC5423-41A4-4C1C-B508-4D3134A7C705}"
EndProject
Project("{9A19103F-16F7-4668-BE54-9A1E7A4F7556}") = "UserService.Domain", "UserService.Domain\UserService.Domain.csproj", "{DFA8B186-13A1-41C5-828C-57EC50A1FBC5}"
EndProject
Project("{2150E333-8FDC-42A3-9474-1A3956D46DE8}") = "AudioSearchService", "AudioSearchService", "{5CF9BEF3-9F85-46C2-AC1E-A173003F4383}"
EndProject
Project("{9A19103F-16F7-4668-BE54-9A1E7A4F7556}") = "AudioSearchService.Application", "AudioSearchService.Application\AudioSearchService.Application.csproj", "{936CE09C-2D95-4972-B43E-3A6F24FF5626}"
EndProject
Project("{9A19103F-16F7-4668-BE54-9A1E7A4F7556}") = "AudioSearchService.Domain", "AudioSearchService.Domain\AudioSearchService.Domain.csproj", "{E65D41E6-41B7-457B-8D91-06BD3E360E62}"
EndProject
Project("{2150E333-8FDC-42A3-9474-1A3956D46DE8}") = "AudioPopularService", "AudioPopularService", "{FCE28802-E3F2-401B-856B-29D040B1DA21}"
EndProject
Project("{9A19103F-16F7-4668-BE54-9A1E7A4F7556}") = "AudioPopularService.Application", "AudioPopularService.Application\AudioPopularService.Application.csproj", "{495EB365-4927-42DB-BED7-14CA210FEF87}"
EndProject
Project("{9A19103F-16F7-4668-BE54-9A1E7A4F7556}") = "AudioPopularService.Domain", "AudioPopularService.Domain\AudioPopularService.Domain.csproj", "{6795D9F2-244C-409C-8F18-5D290C3B0B57}"
EndProject
Global
	GlobalSection(SolutionConfigurationPlatforms) = preSolution
		Debug|Any CPU = Debug|Any CPU
		Release|Any CPU = Release|Any CPU
	EndGlobalSection
	GlobalSection(ProjectConfigurationPlatforms) = postSolution
		{8EAFAFFB-ECFF-41AE-AA17-63B654AAD6D6}.Debug|Any CPU.ActiveCfg = Debug|Any CPU
		{8EAFAFFB-ECFF-41AE-AA17-63B654AAD6D6}.Debug|Any CPU.Build.0 = Debug|Any CPU
		{8EAFAFFB-ECFF-41AE-AA17-63B654AAD6D6}.Release|Any CPU.ActiveCfg = Release|Any CPU
		{8EAFAFFB-ECFF-41AE-AA17-63B654AAD6D6}.Release|Any CPU.Build.0 = Release|Any CPU
		{7C892636-5219-4A6E-B172-7D86F82272C3}.Debug|Any CPU.ActiveCfg = Debug|Any CPU
		{7C892636-5219-4A6E-B172-7D86F82272C3}.Debug|Any CPU.Build.0 = Debug|Any CPU
		{7C892636-5219-4A6E-B172-7D86F82272C3}.Release|Any CPU.ActiveCfg = Release|Any CPU
		{7C892636-5219-4A6E-B172-7D86F82272C3}.Release|Any CPU.Build.0 = Release|Any CPU
		{9DFFC5ED-3605-4FFC-8769-2711999F459C}.Debug|Any CPU.ActiveCfg = Debug|Any CPU
		{9DFFC5ED-3605-4FFC-8769-2711999F459C}.Debug|Any CPU.Build.0 = Debug|Any CPU
		{9DFFC5ED-3605-4FFC-8769-2711999F459C}.Release|Any CPU.ActiveCfg = Release|Any CPU
		{9DFFC5ED-3605-4FFC-8769-2711999F459C}.Release|Any CPU.Build.0 = Release|Any CPU
		{209D423C-9C87-40DD-ACFC-C57031803CFF}.Debug|Any CPU.ActiveCfg = Debug|Any CPU
		{209D423C-9C87-40DD-ACFC-C57031803CFF}.Debug|Any CPU.Build.0 = Debug|Any CPU
		{209D423C-9C87-40DD-ACFC-C57031803CFF}.Release|Any CPU.ActiveCfg = Release|Any CPU
		{209D423C-9C87-40DD-ACFC-C57031803CFF}.Release|Any CPU.Build.0 = Release|Any CPU
		{F0FC5423-41A4-4C1C-B508-4D3134A7C705}.Debug|Any CPU.ActiveCfg = Debug|Any CPU
		{F0FC5423-41A4-4C1C-B508-4D3134A7C705}.Debug|Any CPU.Build.0 = Debug|Any CPU
		{F0FC5423-41A4-4C1C-B508-4D3134A7C705}.Release|Any CPU.ActiveCfg = Release|Any CPU
		{F0FC5423-41A4-4C1C-B508-4D3134A7C705}.Release|Any CPU.Build.0 = Release|Any CPU
		{DFA8B186-13A1-41C5-828C-57EC50A1FBC5}.Debug|Any CPU.ActiveCfg = Debug|Any CPU
		{DFA8B186-13A1-41C5-828C-57EC50A1FBC5}.Debug|Any CPU.Build.0 = Debug|Any CPU
		{DFA8B186-13A1-41C5-828C-57EC50A1FBC5}.Release|Any CPU.ActiveCfg = Release|Any CPU
		{DFA8B186-13A1-41C5-828C-57EC50A1FBC5}.Release|Any CPU.Build.0 = Release|Any CPU
		{936CE09C-2D95-4972-B43E-3A6F24FF5626}.Debug|Any CPU.ActiveCfg = Debug|Any CPU
		{936CE09C-2D95-4972-B43E-3A6F24FF5626}.Debug|Any CPU.Build.0 = Debug|Any CPU
		{936CE09C-2D95-4972-B43E-3A6F24FF5626}.Release|Any CPU.ActiveCfg = Release|Any CPU
		{936CE09C-2D95-4972-B43E-3A6F24FF5626}.Release|Any CPU.Build.0 = Release|Any CPU
		{E65D41E6-41B7-457B-8D91-06BD3E360E62}.Debug|Any CPU.ActiveCfg = Debug|Any CPU
		{E65D41E6-41B7-457B-8D91-06BD3E360E62}.Debug|Any CPU.Build.0 = Debug|Any CPU
		{E65D41E6-41B7-457B-8D91-06BD3E360E62}.Release|Any CPU.ActiveCfg = Release|Any CPU
		{E65D41E6-41B7-457B-8D91-06BD3E360E62}.Release|Any CPU.Build.0 = Release|Any CPU
		{495EB365-4927-42DB-BED7-14CA210FEF87}.Debug|Any CPU.ActiveCfg = Debug|Any CPU
		{495EB365-4927-42DB-BED7-14CA210FEF87}.Debug|Any CPU.Build.0 = Debug|Any CPU
		{495EB365-4927-42DB-BED7-14CA210FEF87}.Release|Any CPU.ActiveCfg = Release|Any CPU
		{495EB365-4927-42DB-BED7-14CA210FEF87}.Release|Any CPU.Build.0 = Release|Any CPU
		{6795D9F2-244C-409C-8F18-5D290C3B0B57}.Debug|Any CPU.ActiveCfg = Debug|Any CPU
		{6795D9F2-244C-409C-8F18-5D290C3B0B57}.Debug|Any CPU.Build.0 = Debug|Any CPU
		{6795D9F2-244C-409C-8F18-5D290C3B0B57}.Release|Any CPU.ActiveCfg = Release|Any CPU
		{6795D9F2-244C-409C-8F18-5D290C3B0B57}.Release|Any CPU.Build.0 = Release|Any CPU
	EndGlobalSection
	GlobalSection(SolutionProperties) = preSolution
		HideSolutionNode = FALSE
	EndGlobalSection
	GlobalSection(NestedProjects) = preSolution
		{8EAFAFFB-ECFF-41AE-AA17-63B654AAD6D6} = {4142896E-EBA4-43A5-B45F-4E034F0F24C7}
		{7C892636-5219-4A6E-B172-7D86F82272C3} = {4142896E-EBA4-43A5-B45F-4E034F0F24C7}
		{9DFFC5ED-3605-4FFC-8769-2711999F459C} = {2BA29737-0A0F-430A-A96A-353241E486D1}
		{209D423C-9C87-40DD-ACFC-C57031803CFF} = {0953D809-0A2A-4141-9D6B-E33084AC0658}
		{F0FC5423-41A4-4C1C-B508-4D3134A7C705} = {CCE86736-924C-4203-8F83-611BAFBF8206}
		{DFA8B186-13A1-41C5-828C-57EC50A1FBC5} = {CCE86736-924C-4203-8F83-611BAFBF8206}
		{936CE09C-2D95-4972-B43E-3A6F24FF5626} = {5CF9BEF3-9F85-46C2-AC1E-A173003F4383}
		{E65D41E6-41B7-457B-8D91-06BD3E360E62} = {5CF9BEF3-9F85-46C2-AC1E-A173003F4383}
		{495EB365-4927-42DB-BED7-14CA210FEF87} = {FCE28802-E3F2-401B-856B-29D040B1DA21}
		{6795D9F2-244C-409C-8F18-5D290C3B0B57} = {FCE28802-E3F2-401B-856B-29D040B1DA21}
	EndGlobalSection
	GlobalSection(ExtensibilityGlobals) = postSolution
		SolutionGuid = {E5A699B4-4A28-49F2-BAC7-5E6AF7099D11}
	EndGlobalSection
EndGlobal
